
Microsoft Visual Studio Solution File, Format Version 12.00
# Visual Studio 15
VisualStudioVersion = 15.0.28307.438
MinimumVisualStudioVersion = 10.0.40219.1
Project("{FAE04EC0-301F-11D3-BF4B-00C04F79EFBC}") = "mDocxRunner", "mDocxRunner\mDocxRunner.csproj", "{675905C7-D575-4E58-A151-D4483393D689}"
EndProject
Global
	GlobalSection(SolutionConfigurationPlatforms) = preSolution
		Debug|Any CPU = Debug|Any CPU
		Release|Any CPU = Release|Any CPU
	EndGlobalSection
	GlobalSection(ProjectConfigurationPlatforms) = postSolution
		{675905C7-D575-4E58-A151-D4483393D689}.Debug|Any CPU.ActiveCfg = Debug|Any CPU
		{675905C7-D575-4E58-A151-D4483393D689}.Debug|Any CPU.Build.0 = Debug|Any CPU
		{675905C7-D575-4E58-A151-D4483393D689}.Release|Any CPU.ActiveCfg = Release|Any CPU
		{675905C7-D575-4E58-A151-D4483393D689}.Release|Any CPU.Build.0 = Release|Any CPU
	EndGlobalSection
	GlobalSection(SolutionProperties) = preSolution
		HideSolutionNode = FALSE
	EndGlobalSection
	GlobalSection(ExtensibilityGlobals) = postSolution
		SolutionGuid = {2119850A-721F-49B2-BF75-4A762790E037}
	EndGlobalSection
EndGlobal
